# This file is automatically @generated by Cargo.
# It is not intended for manual editing.
version = 4

[[package]]
name = "can"
version = "0.1.0"
dependencies = [
 "optz",
]

[[package]]
name = "optz"
version = "0.10.0"
source = "registry+https://github.com/rust-lang/crates.io-index"
checksum = "c24919c2fa1c7d9168ea606f2b0bc6a9c182872ec6c70272c209e85218830176"
